// !$*UTF8*$!
{
	archiveVersion = 1;
	classes = {
	};
	objectVersion = 46;
	objects = {

/* Begin PBXBuildFile section */
		EEEA4E7E19BE024400F02F03 /* Foundation.framework in Frameworks */ = {isa = PBXBuildFile; fileRef = EEEA4E7D19BE024400F02F03 /* Foundation.framework */; };
		EEEA4E8C19BE024500F02F03 /* XCTest.framework in Frameworks */ = {isa = PBXBuildFile; fileRef = EEEA4E8B19BE024500F02F03 /* XCTest.framework */; };
		EEEA4E8D19BE024500F02F03 /* Foundation.framework in Frameworks */ = {isa = PBXBuildFile; fileRef = EEEA4E7D19BE024400F02F03 /* Foundation.framework */; };
		EEEA4E8F19BE024500F02F03 /* UIKit.framework in Frameworks */ = {isa = PBXBuildFile; fileRef = EEEA4E8E19BE024500F02F03 /* UIKit.framework */; };
		EEEA4E9219BE024500F02F03 /* libGNCollections.a in Frameworks */ = {isa = PBXBuildFile; fileRef = EEEA4E7A19BE024400F02F03 /* libGNCollections.a */; };
		EEEA4E9819BE024500F02F03 /* InfoPlist.strings in Resources */ = {isa = PBXBuildFile; fileRef = EEEA4E9619BE024500F02F03 /* InfoPlist.strings */; };
		EEEA4E9A19BE024500F02F03 /* GNCollectionsTests.m in Sources */ = {isa = PBXBuildFile; fileRef = EEEA4E9919BE024500F02F03 /* GNCollectionsTests.m */; };
		EEEA4EB119BE031400F02F03 /* GNAssetsDataSource.m in Sources */ = {isa = PBXBuildFile; fileRef = EEEA4EAE19BE031400F02F03 /* GNAssetsDataSource.m */; };
		EEEA4EB219BE031400F02F03 /* GNAsset.m in Sources */ = {isa = PBXBuildFile; fileRef = EEEA4EB019BE031400F02F03 /* GNAsset.m */; };
		EEEA4EB719BE031B00F02F03 /* GNStaticIndexedDataSource.m in Sources */ = {isa = PBXBuildFile; fileRef = EEEA4EB419BE031B00F02F03 /* GNStaticIndexedDataSource.m */; };
		EEEA4EB819BE031B00F02F03 /* GNStaticTableViewCellSource.m in Sources */ = {isa = PBXBuildFile; fileRef = EEEA4EB619BE031B00F02F03 /* GNStaticTableViewCellSource.m */; };
		EEEA4EBE19BE032D00F02F03 /* GNFetchedResultsDataSource.m in Sources */ = {isa = PBXBuildFile; fileRef = EEEA4EBB19BE032D00F02F03 /* GNFetchedResultsDataSource.m */; };
		EEEA4EBF19BE032D00F02F03 /* GNFetchedResultsTableViewMediator.m in Sources */ = {isa = PBXBuildFile; fileRef = EEEA4EBD19BE032D00F02F03 /* GNFetchedResultsTableViewMediator.m */; };
		EEEA4EC419BE033500F02F03 /* GNDynamicTableViewMediator.m in Sources */ = {isa = PBXBuildFile; fileRef = EEEA4EC119BE033500F02F03 /* GNDynamicTableViewMediator.m */; };
		EEEA4EC519BE033500F02F03 /* GNDynamicDataSource.m in Sources */ = {isa = PBXBuildFile; fileRef = EEEA4EC319BE033500F02F03 /* GNDynamicDataSource.m */; };
		EEEA4ECA19BE034200F02F03 /* GNIndexedDataSource.m in Sources */ = {isa = PBXBuildFile; fileRef = EEEA4EC719BE034200F02F03 /* GNIndexedDataSource.m */; };
		EEEA4ECB19BE034200F02F03 /* GNTableViewMediator.m in Sources */ = {isa = PBXBuildFile; fileRef = EEEA4EC919BE034200F02F03 /* GNTableViewMediator.m */; };
		EEEA4ECD19BE03B000F02F03 /* AssetsLibrary.framework in Frameworks */ = {isa = PBXBuildFile; fileRef = EEEA4ECC19BE03B000F02F03 /* AssetsLibrary.framework */; };
		EEEA4ECF19BE040D00F02F03 /* MapKit.framework in Frameworks */ = {isa = PBXBuildFile; fileRef = EEEA4ECE19BE040D00F02F03 /* MapKit.framework */; };
		EEEA4ED319BE046500F02F03 /* ImageIO.framework in Frameworks */ = {isa = PBXBuildFile; fileRef = EEEA4ED219BE046500F02F03 /* ImageIO.framework */; };
		EEEA4ED919BE069D00F02F03 /* GNAssetsGroup.m in Sources */ = {isa = PBXBuildFile; fileRef = EEEA4ED819BE069D00F02F03 /* GNAssetsGroup.m */; };
		EEEA4EDC19BE06F300F02F03 /* GNIndexedDataSourceSection.m in Sources */ = {isa = PBXBuildFile; fileRef = EEEA4EDB19BE06F300F02F03 /* GNIndexedDataSourceSection.m */; };
/* End PBXBuildFile section */

/* Begin PBXContainerItemProxy section */
		EEEA4E9019BE024500F02F03 /* PBXContainerItemProxy */ = {
			isa = PBXContainerItemProxy;
			containerPortal = EEEA4E7219BE024400F02F03 /* Project object */;
			proxyType = 1;
			remoteGlobalIDString = EEEA4E7919BE024400F02F03;
			remoteInfo = GNCollections;
		};
/* End PBXContainerItemProxy section */

/* Begin PBXCopyFilesBuildPhase section */
		EEEA4E7819BE024400F02F03 /* CopyFiles */ = {
			isa = PBXCopyFilesBuildPhase;
			buildActionMask = 2147483647;
			dstPath = "include/$(PRODUCT_NAME)";
			dstSubfolderSpec = 16;
			files = (
			);
			runOnlyForDeploymentPostprocessing = 0;
		};
/* End PBXCopyFilesBuildPhase section */

/* Begin PBXFileReference section */
		EEEA4E7A19BE024400F02F03 /* libGNCollections.a */ = {isa = PBXFileReference; explicitFileType = archive.ar; includeInIndex = 0; path = libGNCollections.a; sourceTree = BUILT_PRODUCTS_DIR; };
		EEEA4E7D19BE024400F02F03 /* Foundation.framework */ = {isa = PBXFileReference; lastKnownFileType = wrapper.framework; name = Foundation.framework; path = System/Library/Frameworks/Foundation.framework; sourceTree = SDKROOT; };
		EEEA4E8119BE024400F02F03 /* GNCollections-Prefix.pch */ = {isa = PBXFileReference; lastKnownFileType = sourcecode.c.h; path = "GNCollections-Prefix.pch"; sourceTree = "<group>"; };
		EEEA4E8A19BE024500F02F03 /* GNCollectionsTests.xctest */ = {isa = PBXFileReference; explicitFileType = wrapper.cfbundle; includeInIndex = 0; path = GNCollectionsTests.xctest; sourceTree = BUILT_PRODUCTS_DIR; };
		EEEA4E8B19BE024500F02F03 /* XCTest.framework */ = {isa = PBXFileReference; lastKnownFileType = wrapper.framework; name = XCTest.framework; path = Library/Frameworks/XCTest.framework; sourceTree = DEVELOPER_DIR; };
		EEEA4E8E19BE024500F02F03 /* UIKit.framework */ = {isa = PBXFileReference; lastKnownFileType = wrapper.framework; name = UIKit.framework; path = Library/Frameworks/UIKit.framework; sourceTree = DEVELOPER_DIR; };
		EEEA4E9519BE024500F02F03 /* GNCollectionsTests-Info.plist */ = {isa = PBXFileReference; lastKnownFileType = text.plist.xml; path = "GNCollectionsTests-Info.plist"; sourceTree = "<group>"; };
		EEEA4E9719BE024500F02F03 /* en */ = {isa = PBXFileReference; lastKnownFileType = text.plist.strings; name = en; path = en.lproj/InfoPlist.strings; sourceTree = "<group>"; };
		EEEA4E9919BE024500F02F03 /* GNCollectionsTests.m */ = {isa = PBXFileReference; lastKnownFileType = sourcecode.c.objc; path = GNCollectionsTests.m; sourceTree = "<group>"; };
		EEEA4EAD19BE031400F02F03 /* GNAssetsDataSource.h */ = {isa = PBXFileReference; fileEncoding = 4; lastKnownFileType = sourcecode.c.h; path = GNAssetsDataSource.h; sourceTree = "<group>"; };
		EEEA4EAE19BE031400F02F03 /* GNAssetsDataSource.m */ = {isa = PBXFileReference; fileEncoding = 4; lastKnownFileType = sourcecode.c.objc; path = GNAssetsDataSource.m; sourceTree = "<group>"; };
		EEEA4EAF19BE031400F02F03 /* GNAsset.h */ = {isa = PBXFileReference; fileEncoding = 4; lastKnownFileType = sourcecode.c.h; path = GNAsset.h; sourceTree = "<group>"; };
		EEEA4EB019BE031400F02F03 /* GNAsset.m */ = {isa = PBXFileReference; fileEncoding = 4; lastKnownFileType = sourcecode.c.objc; path = GNAsset.m; sourceTree = "<group>"; };
		EEEA4EB319BE031B00F02F03 /* GNStaticIndexedDataSource.h */ = {isa = PBXFileReference; fileEncoding = 4; lastKnownFileType = sourcecode.c.h; path = GNStaticIndexedDataSource.h; sourceTree = "<group>"; };
		EEEA4EB419BE031B00F02F03 /* GNStaticIndexedDataSource.m */ = {isa = PBXFileReference; fileEncoding = 4; lastKnownFileType = sourcecode.c.objc; path = GNStaticIndexedDataSource.m; sourceTree = "<group>"; };
		EEEA4EB519BE031B00F02F03 /* GNStaticTableViewCellSource.h */ = {isa = PBXFileReference; fileEncoding = 4; lastKnownFileType = sourcecode.c.h; path = GNStaticTableViewCellSource.h; sourceTree = "<group>"; };
		EEEA4EB619BE031B00F02F03 /* GNStaticTableViewCellSource.m */ = {isa = PBXFileReference; fileEncoding = 4; lastKnownFileType = sourcecode.c.objc; path = GNStaticTableViewCellSource.m; sourceTree = "<group>"; };
		EEEA4EBA19BE032D00F02F03 /* GNFetchedResultsDataSource.h */ = {isa = PBXFileReference; fileEncoding = 4; lastKnownFileType = sourcecode.c.h; path = GNFetchedResultsDataSource.h; sourceTree = "<group>"; };
		EEEA4EBB19BE032D00F02F03 /* GNFetchedResultsDataSource.m */ = {isa = PBXFileReference; fileEncoding = 4; lastKnownFileType = sourcecode.c.objc; path = GNFetchedResultsDataSource.m; sourceTree = "<group>"; };
		EEEA4EBC19BE032D00F02F03 /* GNFetchedResultsTableViewMediator.h */ = {isa = PBXFileReference; fileEncoding = 4; lastKnownFileType = sourcecode.c.h; path = GNFetchedResultsTableViewMediator.h; sourceTree = "<group>"; };
		EEEA4EBD19BE032D00F02F03 /* GNFetchedResultsTableViewMediator.m */ = {isa = PBXFileReference; fileEncoding = 4; lastKnownFileType = sourcecode.c.objc; path = GNFetchedResultsTableViewMediator.m; sourceTree = "<group>"; };
		EEEA4EC019BE033500F02F03 /* GNDynamicTableViewMediator.h */ = {isa = PBXFileReference; fileEncoding = 4; lastKnownFileType = sourcecode.c.h; path = GNDynamicTableViewMediator.h; sourceTree = "<group>"; };
		EEEA4EC119BE033500F02F03 /* GNDynamicTableViewMediator.m */ = {isa = PBXFileReference; fileEncoding = 4; lastKnownFileType = sourcecode.c.objc; path = GNDynamicTableViewMediator.m; sourceTree = "<group>"; };
		EEEA4EC219BE033500F02F03 /* GNDynamicDataSource.h */ = {isa = PBXFileReference; fileEncoding = 4; lastKnownFileType = sourcecode.c.h; path = GNDynamicDataSource.h; sourceTree = "<group>"; };
		EEEA4EC319BE033500F02F03 /* GNDynamicDataSource.m */ = {isa = PBXFileReference; fileEncoding = 4; lastKnownFileType = sourcecode.c.objc; path = GNDynamicDataSource.m; sourceTree = "<group>"; };
		EEEA4EC619BE034200F02F03 /* GNIndexedDataSource.h */ = {isa = PBXFileReference; fileEncoding = 4; lastKnownFileType = sourcecode.c.h; path = GNIndexedDataSource.h; sourceTree = "<group>"; };
		EEEA4EC719BE034200F02F03 /* GNIndexedDataSource.m */ = {isa = PBXFileReference; fileEncoding = 4; lastKnownFileType = sourcecode.c.objc; path = GNIndexedDataSource.m; sourceTree = "<group>"; };
		EEEA4EC819BE034200F02F03 /* GNTableViewMediator.h */ = {isa = PBXFileReference; fileEncoding = 4; lastKnownFileType = sourcecode.c.h; path = GNTableViewMediator.h; sourceTree = "<group>"; };
		EEEA4EC919BE034200F02F03 /* GNTableViewMediator.m */ = {isa = PBXFileReference; fileEncoding = 4; lastKnownFileType = sourcecode.c.objc; path = GNTableViewMediator.m; sourceTree = "<group>"; };
		EEEA4ECC19BE03B000F02F03 /* AssetsLibrary.framework */ = {isa = PBXFileReference; lastKnownFileType = wrapper.framework; name = AssetsLibrary.framework; path = System/Library/Frameworks/AssetsLibrary.framework; sourceTree = SDKROOT; };
		EEEA4ECE19BE040D00F02F03 /* MapKit.framework */ = {isa = PBXFileReference; lastKnownFileType = wrapper.framework; name = MapKit.framework; path = System/Library/Frameworks/MapKit.framework; sourceTree = SDKROOT; };
		EEEA4ED019BE044300F02F03 /* CoreGraphics.framework */ = {isa = PBXFileReference; lastKnownFileType = wrapper.framework; name = CoreGraphics.framework; path = System/Library/Frameworks/CoreGraphics.framework; sourceTree = SDKROOT; };
		EEEA4ED219BE046500F02F03 /* ImageIO.framework */ = {isa = PBXFileReference; lastKnownFileType = wrapper.framework; name = ImageIO.framework; path = System/Library/Frameworks/ImageIO.framework; sourceTree = SDKROOT; };
		EEEA4ED719BE069D00F02F03 /* GNAssetsGroup.h */ = {isa = PBXFileReference; fileEncoding = 4; lastKnownFileType = sourcecode.c.h; path = GNAssetsGroup.h; sourceTree = "<group>"; };
		EEEA4ED819BE069D00F02F03 /* GNAssetsGroup.m */ = {isa = PBXFileReference; fileEncoding = 4; lastKnownFileType = sourcecode.c.objc; path = GNAssetsGroup.m; sourceTree = "<group>"; };
		EEEA4EDA19BE06F300F02F03 /* GNIndexedDataSourceSection.h */ = {isa = PBXFileReference; fileEncoding = 4; lastKnownFileType = sourcecode.c.h; path = GNIndexedDataSourceSection.h; sourceTree = "<group>"; };
		EEEA4EDB19BE06F300F02F03 /* GNIndexedDataSourceSection.m */ = {isa = PBXFileReference; fileEncoding = 4; lastKnownFileType = sourcecode.c.objc; path = GNIndexedDataSourceSection.m; sourceTree = "<group>"; };
/* End PBXFileReference section */

/* Begin PBXFrameworksBuildPhase section */
		EEEA4E7719BE024400F02F03 /* Frameworks */ = {
			isa = PBXFrameworksBuildPhase;
			buildActionMask = 2147483647;
			files = (
				EEEA4ED319BE046500F02F03 /* ImageIO.framework in Frameworks */,
				EEEA4ECF19BE040D00F02F03 /* MapKit.framework in Frameworks */,
				EEEA4ECD19BE03B000F02F03 /* AssetsLibrary.framework in Frameworks */,
				EEEA4E7E19BE024400F02F03 /* Foundation.framework in Frameworks */,
			);
			runOnlyForDeploymentPostprocessing = 0;
		};
		EEEA4E8719BE024500F02F03 /* Frameworks */ = {
			isa = PBXFrameworksBuildPhase;
			buildActionMask = 2147483647;
			files = (
				EEEA4E9219BE024500F02F03 /* libGNCollections.a in Frameworks */,
				EEEA4E8C19BE024500F02F03 /* XCTest.framework in Frameworks */,
				EEEA4E8F19BE024500F02F03 /* UIKit.framework in Frameworks */,
				EEEA4E8D19BE024500F02F03 /* Foundation.framework in Frameworks */,
			);
			runOnlyForDeploymentPostprocessing = 0;
		};
/* End PBXFrameworksBuildPhase section */

/* Begin PBXGroup section */
		EEEA4E7119BE024400F02F03 = {
			isa = PBXGroup;
			children = (
				EEEA4E7F19BE024400F02F03 /* GNCollections */,
				EEEA4E9319BE024500F02F03 /* GNCollectionsTests */,
				EEEA4E7C19BE024400F02F03 /* Frameworks */,
				EEEA4E7B19BE024400F02F03 /* Products */,
			);
			sourceTree = "<group>";
		};
		EEEA4E7B19BE024400F02F03 /* Products */ = {
			isa = PBXGroup;
			children = (
				EEEA4E7A19BE024400F02F03 /* libGNCollections.a */,
				EEEA4E8A19BE024500F02F03 /* GNCollectionsTests.xctest */,
			);
			name = Products;
			sourceTree = "<group>";
		};
		EEEA4E7C19BE024400F02F03 /* Frameworks */ = {
			isa = PBXGroup;
			children = (
				EEEA4ED219BE046500F02F03 /* ImageIO.framework */,
				EEEA4ED019BE044300F02F03 /* CoreGraphics.framework */,
				EEEA4ECE19BE040D00F02F03 /* MapKit.framework */,
				EEEA4ECC19BE03B000F02F03 /* AssetsLibrary.framework */,
				EEEA4E7D19BE024400F02F03 /* Foundation.framework */,
				EEEA4E8B19BE024500F02F03 /* XCTest.framework */,
				EEEA4E8E19BE024500F02F03 /* UIKit.framework */,
			);
			name = Frameworks;
			sourceTree = "<group>";
		};
		EEEA4E7F19BE024400F02F03 /* GNCollections */ = {
			isa = PBXGroup;
			children = (
				EEEA4EB919BE031C00F02F03 /* Addons */,
				EEEA4EA419BE026200F02F03 /* Static */,
				EEEA4EA619BE027700F02F03 /* Dynamic */,
				EEEA4EC619BE034200F02F03 /* GNIndexedDataSource.h */,
				EEEA4EC719BE034200F02F03 /* GNIndexedDataSource.m */,
				EEEA4EDA19BE06F300F02F03 /* GNIndexedDataSourceSection.h */,
				EEEA4EDB19BE06F300F02F03 /* GNIndexedDataSourceSection.m */,
				EEEA4EC819BE034200F02F03 /* GNTableViewMediator.h */,
				EEEA4EC919BE034200F02F03 /* GNTableViewMediator.m */,
				EEEA4E8019BE024400F02F03 /* Supporting Files */,
			);
			path = GNCollections;
			sourceTree = "<group>";
		};
		EEEA4E8019BE024400F02F03 /* Supporting Files */ = {
			isa = PBXGroup;
			children = (
				EEEA4E8119BE024400F02F03 /* GNCollections-Prefix.pch */,
			);
			name = "Supporting Files";
			sourceTree = "<group>";
		};
		EEEA4E9319BE024500F02F03 /* GNCollectionsTests */ = {
			isa = PBXGroup;
			children = (
				EEEA4E9919BE024500F02F03 /* GNCollectionsTests.m */,
				EEEA4E9419BE024500F02F03 /* Supporting Files */,
			);
			path = GNCollectionsTests;
			sourceTree = "<group>";
		};
		EEEA4E9419BE024500F02F03 /* Supporting Files */ = {
			isa = PBXGroup;
			children = (
				EEEA4E9519BE024500F02F03 /* GNCollectionsTests-Info.plist */,
				EEEA4E9619BE024500F02F03 /* InfoPlist.strings */,
			);
			name = "Supporting Files";
			sourceTree = "<group>";
		};
		EEEA4EA319BE025F00F02F03 /* AssetsDataSource */ = {
			isa = PBXGroup;
			children = (
				EEEA4EAD19BE031400F02F03 /* GNAssetsDataSource.h */,
				EEEA4EAE19BE031400F02F03 /* GNAssetsDataSource.m */,
				EEEA4EAF19BE031400F02F03 /* GNAsset.h */,
				EEEA4EB019BE031400F02F03 /* GNAsset.m */,
				EEEA4ED719BE069D00F02F03 /* GNAssetsGroup.h */,
				EEEA4ED819BE069D00F02F03 /* GNAssetsGroup.m */,
			);
			path = AssetsDataSource;
			sourceTree = "<group>";
		};
		EEEA4EA419BE026200F02F03 /* Static */ = {
			isa = PBXGroup;
			children = (
				EEEA4EB319BE031B00F02F03 /* GNStaticIndexedDataSource.h */,
				EEEA4EB419BE031B00F02F03 /* GNStaticIndexedDataSource.m */,
				EEEA4EB519BE031B00F02F03 /* GNStaticTableViewCellSource.h */,
				EEEA4EB619BE031B00F02F03 /* GNStaticTableViewCellSource.m */,
			);
			name = Static;
			sourceTree = "<group>";
		};
		EEEA4EA519BE026900F02F03 /* FetchedResultsController */ = {
			isa = PBXGroup;
			children = (
				EEEA4EBA19BE032D00F02F03 /* GNFetchedResultsDataSource.h */,
				EEEA4EBB19BE032D00F02F03 /* GNFetchedResultsDataSource.m */,
				EEEA4EBC19BE032D00F02F03 /* GNFetchedResultsTableViewMediator.h */,
				EEEA4EBD19BE032D00F02F03 /* GNFetchedResultsTableViewMediator.m */,
			);
			path = FetchedResultsController;
			sourceTree = "<group>";
		};
		EEEA4EA619BE027700F02F03 /* Dynamic */ = {
			isa = PBXGroup;
			children = (
				EEEA4EC019BE033500F02F03 /* GNDynamicTableViewMediator.h */,
				EEEA4EC119BE033500F02F03 /* GNDynamicTableViewMediator.m */,
				EEEA4EC219BE033500F02F03 /* GNDynamicDataSource.h */,
				EEEA4EC319BE033500F02F03 /* GNDynamicDataSource.m */,
			);
			name = Dynamic;
			sourceTree = "<group>";
		};
		EEEA4EB919BE031C00F02F03 /* Addons */ = {
			isa = PBXGroup;
			children = (
				EEEA4EA319BE025F00F02F03 /* AssetsDataSource */,
				EEEA4EA519BE026900F02F03 /* FetchedResultsController */,
			);
			name = Addons;
			sourceTree = "<group>";
		};
/* End PBXGroup section */

/* Begin PBXNativeTarget section */
		EEEA4E7919BE024400F02F03 /* GNCollections */ = {
			isa = PBXNativeTarget;
			buildConfigurationList = EEEA4E9D19BE024500F02F03 /* Build configuration list for PBXNativeTarget "GNCollections" */;
			buildPhases = (
				EEEA4E7619BE024400F02F03 /* Sources */,
				EEEA4E7719BE024400F02F03 /* Frameworks */,
				EEEA4E7819BE024400F02F03 /* CopyFiles */,
			);
			buildRules = (
			);
			dependencies = (
			);
			name = GNCollections;
			productName = GNCollections;
			productReference = EEEA4E7A19BE024400F02F03 /* libGNCollections.a */;
			productType = "com.apple.product-type.library.static";
		};
		EEEA4E8919BE024500F02F03 /* GNCollectionsTests */ = {
			isa = PBXNativeTarget;
			buildConfigurationList = EEEA4EA019BE024500F02F03 /* Build configuration list for PBXNativeTarget "GNCollectionsTests" */;
			buildPhases = (
				EEEA4E8619BE024500F02F03 /* Sources */,
				EEEA4E8719BE024500F02F03 /* Frameworks */,
				EEEA4E8819BE024500F02F03 /* Resources */,
			);
			buildRules = (
			);
			dependencies = (
				EEEA4E9119BE024500F02F03 /* PBXTargetDependency */,
			);
			name = GNCollectionsTests;
			productName = GNCollectionsTests;
			productReference = EEEA4E8A19BE024500F02F03 /* GNCollectionsTests.xctest */;
			productType = "com.apple.product-type.bundle.unit-test";
		};
/* End PBXNativeTarget section */

/* Begin PBXProject section */
		EEEA4E7219BE024400F02F03 /* Project object */ = {
			isa = PBXProject;
			attributes = {
				LastUpgradeCheck = 0510;
				ORGANIZATIONNAME = "Jakub Knejzlik";
			};
			buildConfigurationList = EEEA4E7519BE024400F02F03 /* Build configuration list for PBXProject "GNCollections" */;
			compatibilityVersion = "Xcode 3.2";
			developmentRegion = English;
			hasScannedForEncodings = 0;
			knownRegions = (
				en,
			);
			mainGroup = EEEA4E7119BE024400F02F03;
			productRefGroup = EEEA4E7B19BE024400F02F03 /* Products */;
			projectDirPath = "";
			projectRoot = "";
			targets = (
				EEEA4E7919BE024400F02F03 /* GNCollections */,
				EEEA4E8919BE024500F02F03 /* GNCollectionsTests */,
			);
		};
/* End PBXProject section */

/* Begin PBXResourcesBuildPhase section */
		EEEA4E8819BE024500F02F03 /* Resources */ = {
			isa = PBXResourcesBuildPhase;
			buildActionMask = 2147483647;
			files = (
				EEEA4E9819BE024500F02F03 /* InfoPlist.strings in Resources */,
			);
			runOnlyForDeploymentPostprocessing = 0;
		};
/* End PBXResourcesBuildPhase section */

/* Begin PBXSourcesBuildPhase section */
		EEEA4E7619BE024400F02F03 /* Sources */ = {
			isa = PBXSourcesBuildPhase;
			buildActionMask = 2147483647;
			files = (
				EEEA4ECA19BE034200F02F03 /* GNIndexedDataSource.m in Sources */,
				EEEA4EC419BE033500F02F03 /* GNDynamicTableViewMediator.m in Sources */,
				EEEA4EB719BE031B00F02F03 /* GNStaticIndexedDataSource.m in Sources */,
				EEEA4ED919BE069D00F02F03 /* GNAssetsGroup.m in Sources */,
				EEEA4EBF19BE032D00F02F03 /* GNFetchedResultsTableViewMediator.m in Sources */,
				EEEA4ECB19BE034200F02F03 /* GNTableViewMediator.m in Sources */,
				EEEA4EB219BE031400F02F03 /* GNAsset.m in Sources */,
				EEEA4EB819BE031B00F02F03 /* GNStaticTableViewCellSource.m in Sources */,
				EEEA4EBE19BE032D00F02F03 /* GNFetchedResultsDataSource.m in Sources */,
				EEEA4EDC19BE06F300F02F03 /* GNIndexedDataSourceSection.m in Sources */,
				EEEA4EC519BE033500F02F03 /* GNDynamicDataSource.m in Sources */,
				EEEA4EB119BE031400F02F03 /* GNAssetsDataSource.m in Sources */,
			);
			runOnlyForDeploymentPostprocessing = 0;
		};
		EEEA4E8619BE024500F02F03 /* Sources */ = {
			isa = PBXSourcesBuildPhase;
			buildActionMask = 2147483647;
			files = (
				EEEA4E9A19BE024500F02F03 /* GNCollectionsTests.m in Sources */,
			);
			runOnlyForDeploymentPostprocessing = 0;
		};
/* End PBXSourcesBuildPhase section */

/* Begin PBXTargetDependency section */
		EEEA4E9119BE024500F02F03 /* PBXTargetDependency */ = {
			isa = PBXTargetDependency;
			target = EEEA4E7919BE024400F02F03 /* GNCollections */;
			targetProxy = EEEA4E9019BE024500F02F03 /* PBXContainerItemProxy */;
		};
/* End PBXTargetDependency section */

/* Begin PBXVariantGroup section */
		EEEA4E9619BE024500F02F03 /* InfoPlist.strings */ = {
			isa = PBXVariantGroup;
			children = (
				EEEA4E9719BE024500F02F03 /* en */,
			);
			name = InfoPlist.strings;
			sourceTree = "<group>";
		};
/* End PBXVariantGroup section */

/* Begin XCBuildConfiguration section */
		EEEA4E9B19BE024500F02F03 /* Debug */ = {
			isa = XCBuildConfiguration;
			buildSettings = {
				ALWAYS_SEARCH_USER_PATHS = NO;
				CLANG_CXX_LANGUAGE_STANDARD = "gnu++0x";
				CLANG_CXX_LIBRARY = "libc++";
				CLANG_ENABLE_MODULES = YES;
				CLANG_ENABLE_OBJC_ARC = YES;
				CLANG_WARN_BOOL_CONVERSION = YES;
				CLANG_WARN_CONSTANT_CONVERSION = YES;
				CLANG_WARN_DIRECT_OBJC_ISA_USAGE = YES_ERROR;
				CLANG_WARN_EMPTY_BODY = YES;
				CLANG_WARN_ENUM_CONVERSION = YES;
				CLANG_WARN_INT_CONVERSION = YES;
				CLANG_WARN_OBJC_ROOT_CLASS = YES_ERROR;
				CLANG_WARN__DUPLICATE_METHOD_MATCH = YES;
				COPY_PHASE_STRIP = NO;
				GCC_C_LANGUAGE_STANDARD = gnu99;
				GCC_DYNAMIC_NO_PIC = NO;
				GCC_OPTIMIZATION_LEVEL = 0;
				GCC_PREPROCESSOR_DEFINITIONS = (
					"DEBUG=1",
					"$(inherited)",
				);
				GCC_SYMBOLS_PRIVATE_EXTERN = NO;
				GCC_WARN_64_TO_32_BIT_CONVERSION = YES;
				GCC_WARN_ABOUT_RETURN_TYPE = YES_ERROR;
				GCC_WARN_UNDECLARED_SELECTOR = YES;
				GCC_WARN_UNINITIALIZED_AUTOS = YES_AGGRESSIVE;
				GCC_WARN_UNUSED_FUNCTION = YES;
				GCC_WARN_UNUSED_VARIABLE = YES;
				IPHONEOS_DEPLOYMENT_TARGET = 7.1;
				ONLY_ACTIVE_ARCH = YES;
				SDKROOT = iphoneos;
			};
			name = Debug;
		};
		EEEA4E9C19BE024500F02F03 /* Release */ = {
			isa = XCBuildConfiguration;
			buildSettings = {
				ALWAYS_SEARCH_USER_PATHS = NO;
				CLANG_CXX_LANGUAGE_STANDARD = "gnu++0x";
				CLANG_CXX_LIBRARY = "libc++";
				CLANG_ENABLE_MODULES = YES;
				CLANG_ENABLE_OBJC_ARC = YES;
				CLANG_WARN_BOOL_CONVERSION = YES;
				CLANG_WARN_CONSTANT_CONVERSION = YES;
				CLANG_WARN_DIRECT_OBJC_ISA_USAGE = YES_ERROR;
				CLANG_WARN_EMPTY_BODY = YES;
				CLANG_WARN_ENUM_CONVERSION = YES;
				CLANG_WARN_INT_CONVERSION = YES;
				CLANG_WARN_OBJC_ROOT_CLASS = YES_ERROR;
				CLANG_WARN__DUPLICATE_METHOD_MATCH = YES;
				COPY_PHASE_STRIP = YES;
				ENABLE_NS_ASSERTIONS = NO;
				GCC_C_LANGUAGE_STANDARD = gnu99;
				GCC_WARN_64_TO_32_BIT_CONVERSION = YES;
				GCC_WARN_ABOUT_RETURN_TYPE = YES_ERROR;
				GCC_WARN_UNDECLARED_SELECTOR = YES;
				GCC_WARN_UNINITIALIZED_AUTOS = YES_AGGRESSIVE;
				GCC_WARN_UNUSED_FUNCTION = YES;
				GCC_WARN_UNUSED_VARIABLE = YES;
				IPHONEOS_DEPLOYMENT_TARGET = 7.1;
				SDKROOT = iphoneos;
				VALIDATE_PRODUCT = YES;
			};
			name = Release;
		};
		EEEA4E9E19BE024500F02F03 /* Debug */ = {
			isa = XCBuildConfiguration;
			buildSettings = {
				DSTROOT = /tmp/GNCollections.dst;
				GCC_PRECOMPILE_PREFIX_HEADER = YES;
				GCC_PREFIX_HEADER = "GNCollections/GNCollections-Prefix.pch";
				OTHER_LDFLAGS = "-ObjC";
				PRODUCT_NAME = "$(TARGET_NAME)";
				SKIP_INSTALL = YES;
			};
			name = Debug;
		};
		EEEA4E9F19BE024500F02F03 /* Release */ = {
			isa = XCBuildConfiguration;
			buildSettings = {
				DSTROOT = /tmp/GNCollections.dst;
				GCC_PRECOMPILE_PREFIX_HEADER = YES;
				GCC_PREFIX_HEADER = "GNCollections/GNCollections-Prefix.pch";
				OTHER_LDFLAGS = "-ObjC";
				PRODUCT_NAME = "$(TARGET_NAME)";
				SKIP_INSTALL = YES;
			};
			name = Release;
		};
		EEEA4EA119BE024500F02F03 /* Debug */ = {
			isa = XCBuildConfiguration;
			buildSettings = {
				FRAMEWORK_SEARCH_PATHS = (
					"$(SDKROOT)/Developer/Library/Frameworks",
					"$(inherited)",
					"$(DEVELOPER_FRAMEWORKS_DIR)",
				);
				GCC_PRECOMPILE_PREFIX_HEADER = YES;
				GCC_PREFIX_HEADER = "GNCollections/GNCollections-Prefix.pch";
				GCC_PREPROCESSOR_DEFINITIONS = (
					"DEBUG=1",
					"$(inherited)",
				);
				INFOPLIST_FILE = "GNCollectionsTests/GNCollectionsTests-Info.plist";
				PRODUCT_NAME = "$(TARGET_NAME)";
				WRAPPER_EXTENSION = xctest;
			};
			name = Debug;
		};
		EEEA4EA219BE024500F02F03 /* Release */ = {
			isa = XCBuildConfiguration;
			buildSettings = {
				FRAMEWORK_SEARCH_PATHS = (
					"$(SDKROOT)/Developer/Library/Frameworks",
					"$(inherited)",
					"$(DEVELOPER_FRAMEWORKS_DIR)",
				);
				GCC_PRECOMPILE_PREFIX_HEADER = YES;
				GCC_PREFIX_HEADER = "GNCollections/GNCollections-Prefix.pch";
				INFOPLIST_FILE = "GNCollectionsTests/GNCollectionsTests-Info.plist";
				PRODUCT_NAME = "$(TARGET_NAME)";
				WRAPPER_EXTENSION = xctest;
			};
			name = Release;
		};
/* End XCBuildConfiguration section */

/* Begin XCConfigurationList section */
		EEEA4E7519BE024400F02F03 /* Build configuration list for PBXProject "GNCollections" */ = {
			isa = XCConfigurationList;
			buildConfigurations = (
				EEEA4E9B19BE024500F02F03 /* Debug */,
				EEEA4E9C19BE024500F02F03 /* Release */,
			);
			defaultConfigurationIsVisible = 0;
			defaultConfigurationName = Release;
		};
		EEEA4E9D19BE024500F02F03 /* Build configuration list for PBXNativeTarget "GNCollections" */ = {
			isa = XCConfigurationList;
			buildConfigurations = (
				EEEA4E9E19BE024500F02F03 /* Debug */,
				EEEA4E9F19BE024500F02F03 /* Release */,
			);
			defaultConfigurationIsVisible = 0;
		};
		EEEA4EA019BE024500F02F03 /* Build configuration list for PBXNativeTarget "GNCollectionsTests" */ = {
			isa = XCConfigurationList;
			buildConfigurations = (
				EEEA4EA119BE024500F02F03 /* Debug */,
				EEEA4EA219BE024500F02F03 /* Release */,
			);
			defaultConfigurationIsVisible = 0;
		};
/* End XCConfigurationList section */
	};
	rootObject = EEEA4E7219BE024400F02F03 /* Project object */;
}
